
Microsoft Visual Studio Solution File, Format Version 12.00
# Visual Studio Version 16
VisualStudioVersion = 16.0.29424.173
MinimumVisualStudioVersion = 10.0.40219.1
Project("{FAE04EC0-301F-11D3-BF4B-00C04F79EFBC}") = "MultiDamageCalculator", "MultiDamageCalculator\MultiDamageCalculator.csproj", "{9448B4E3-E6B3-4E8F-BC9C-C1DF6EE80078}"
EndProject
Global
	GlobalSection(SolutionConfigurationPlatforms) = preSolution
		Debug|Any CPU = Debug|Any CPU
		Release|Any CPU = Release|Any CPU
	EndGlobalSection
	GlobalSection(ProjectConfigurationPlatforms) = postSolution
		{9448B4E3-E6B3-4E8F-BC9C-C1DF6EE80078}.Debug|Any CPU.ActiveCfg = Debug|Any CPU
		{9448B4E3-E6B3-4E8F-BC9C-C1DF6EE80078}.Debug|Any CPU.Build.0 = Debug|Any CPU
		{9448B4E3-E6B3-4E8F-BC9C-C1DF6EE80078}.Release|Any CPU.ActiveCfg = Release|Any CPU
		{9448B4E3-E6B3-4E8F-BC9C-C1DF6EE80078}.Release|Any CPU.Build.0 = Release|Any CPU
	EndGlobalSection
	GlobalSection(SolutionProperties) = preSolution
		HideSolutionNode = FALSE
	EndGlobalSection
	GlobalSection(ExtensibilityGlobals) = postSolution
		SolutionGuid = {96FDDCD7-ACD7-415B-B46B-ADCACF3103EA}
	EndGlobalSection
EndGlobal
